{
  "name": "@lntools/bitcoin",
  "version": "0.1.1",
  "lockfileVersion": 1,
  "requires": true,
  "dependencies": {
    "@lntools/buffer-cursor": {
      "version": "0.2.0",
      "resolved": "https://registry.npmjs.org/@lntools/buffer-cursor/-/buffer-cursor-0.2.0.tgz",
      "integrity": "sha512-olXaqtCNeQoXhX8kPrXOw7Bxzlx7u/6BhhIeg+pcjUieB1xTQZIhy+/fwPur4Y+2X4vRU96Mru9ibfC7MfrcMA==",
      "requires": {
        "bn.js": "^4.11.8"
      }
    },
    "@lntools/crypto": {
      "version": "0.4.1",
      "requires": {
        "chacha-native": "^2.0.2",
        "futoin-hkdf": "^1.0.3",
        "secp256k1": "^3.6.2"
      }
    },
    "bitcoin-ops": {
      "version": "1.4.1",
      "resolved": "https://registry.npmjs.org/bitcoin-ops/-/bitcoin-ops-1.4.1.tgz",
      "integrity": "sha512-pef6gxZFztEhaE9RY9HmWVmiIHqCb2OyS4HPKkpc6CIiiOa3Qmuoylxc5P2EkU3w+5eTSifI9SEZC88idAIGow=="
    },
    "bn.js": {
      "version": "4.11.8",
      "resolved": "https://registry.npmjs.org/bn.js/-/bn.js-4.11.8.tgz",
      "integrity": "sha512-ItfYfPLkWHUjckQCk8xC+LwxgK8NYcXywGigJgSwOP8Y2iyWT4f2vsZnoOXTTbo+o5yXmIUJ4gn5538SO5S3gA=="
    },
    "pushdata-bitcoin": {
      "version": "1.0.1",
      "resolved": "https://registry.npmjs.org/pushdata-bitcoin/-/pushdata-bitcoin-1.0.1.tgz",
      "integrity": "sha1-FZMdPNlnreUiBvUjqnMxrvfUOvc=",
      "requires": {
        "bitcoin-ops": "^1.3.0"
      }
    }
  }
}
