{
  "name": "graph",
  "version": "1.0.0",
  "lockfileVersion": 1,
  "requires": true,
  "dependencies": {
    "@lntools/bitcoind": {
      "version": "file:../../packages/lntools-bitcoind",
      "requires": {
        "zeromq": "^5.1.0"
      }
    },
    "@lntools/chainmon": {
      "version": "file:../../packages/lntools-chainmon",
      "requires": {
        "@lntools/bitcoin": "^0.2.0",
        "@lntools/bitcoind": "^0.1.0"
      }
    },
    "@lntools/logger": {
      "version": "file:../../packages/lntools-logger"
    },
    "@lntools/wire": {
      "version": "file:../../packages/lntools-wire",
      "requires": {
        "@lntools/buffer-cursor": "^0.5.0",
        "@lntools/crypto": "^0.5.1",
        "@lntools/logger": "^0.3.0",
        "@lntools/noise": "^0.6.0",
        "bn.js": "^4.11.8",
        "rfc4648": "^1.2.1",
        "sse4_crc32": "^6.0.1",
        "winston": "^3.2.1"
      }
    }
  }
}
