{
  "name": "@node-lightning/invoice",
  "version": "0.22.1",
  "lockfileVersion": 1,
  "requires": true,
  "dependencies": {
    "@node-lightning/bufio": {
      "version": "0.22.1"
    },
    "@node-lightning/crypto": {
      "version": "0.22.1",
      "requires": {
        "secp256k1": "^4.0.2"
      },
      "dependencies": {
        "@types/node": {
          "version": "14.14.21",
          "resolved": "https://registry.npmjs.org/@types/node/-/node-14.14.21.tgz",
          "integrity": "sha512-cHYfKsnwllYhjOzuC5q1VpguABBeecUp24yFluHpn/BQaVxB1CuQ1FSRZCzrPxrkIfWISXV2LbeoBthLWg0+0A=="
        },
        "@types/secp256k1": {
          "version": "4.0.1",
          "resolved": "https://registry.npmjs.org/@types/secp256k1/-/secp256k1-4.0.1.tgz",
          "integrity": "sha512-+ZjSA8ELlOp8SlKi0YLB2tz9d5iPNEmOBd+8Rz21wTMdaXQIa9b6TEnD6l5qKOCypE7FSyPyck12qZJxSDNoog==",
          "requires": {
            "@types/node": "*"
          }
        },
        "bn.js": {
          "version": "4.11.9",
          "resolved": "https://registry.npmjs.org/bn.js/-/bn.js-4.11.9.tgz",
          "integrity": "sha512-E6QoYqCKZfgatHTdHzs1RRKP7ip4vvm+EyRUeE2RF0NblwVvb0p6jSVeNTOFxPn26QXN2o6SMfNxKp6kU8zQaw=="
        },
        "brorand": {
          "version": "1.1.0",
          "resolved": "https://registry.npmjs.org/brorand/-/brorand-1.1.0.tgz",
          "integrity": "sha1-EsJe/kCkXjwyPrhnWgoM5XsiNx8="
        },
        "elliptic": {
          "version": "6.5.4",
          "resolved": "https://registry.npmjs.org/elliptic/-/elliptic-6.5.4.tgz",
          "integrity": "sha512-iLhC6ULemrljPZb+QutR5TQGB+pdW6KGD5RSegS+8sorOZT+rdQFbsQFJgvN3eRqNALqJer4oQ16YvJHlU8hzQ==",
          "requires": {
            "bn.js": "^4.11.9",
            "brorand": "^1.1.0",
            "hash.js": "^1.0.0",
            "hmac-drbg": "^1.0.1",
            "inherits": "^2.0.4",
            "minimalistic-assert": "^1.0.1",
            "minimalistic-crypto-utils": "^1.0.1"
          }
        },
        "hash.js": {
          "version": "1.1.7",
          "resolved": "https://registry.npmjs.org/hash.js/-/hash.js-1.1.7.tgz",
          "integrity": "sha512-taOaskGt4z4SOANNseOviYDvjEJinIkRgmp7LbKP2YTTmVxWBl87s/uzK9r+44BclBSp2X7K1hqeNfz9JbBeXA==",
          "requires": {
            "inherits": "^2.0.3",
            "minimalistic-assert": "^1.0.1"
          }
        },
        "hmac-drbg": {
          "version": "1.0.1",
          "resolved": "https://registry.npmjs.org/hmac-drbg/-/hmac-drbg-1.0.1.tgz",
          "integrity": "sha1-0nRXAQJabHdabFRXk+1QL8DGSaE=",
          "requires": {
            "hash.js": "^1.0.3",
            "minimalistic-assert": "^1.0.0",
            "minimalistic-crypto-utils": "^1.0.1"
          }
        },
        "inherits": {
          "version": "2.0.4",
          "resolved": "https://registry.npmjs.org/inherits/-/inherits-2.0.4.tgz",
          "integrity": "sha512-k/vGaX4/Yla3WzyMCvTQOXYeIHvqOKtnqBduzTHpzpQZzAskKMhZ2K+EnBiSM9zGSoIFeMpXKxa4dYeZIQqewQ=="
        },
        "minimalistic-assert": {
          "version": "1.0.1",
          "resolved": "https://registry.npmjs.org/minimalistic-assert/-/minimalistic-assert-1.0.1.tgz",
          "integrity": "sha512-UtJcAD4yEaGtjPezWuO9wC4nwUnVH/8/Im3yEHQP4b67cXlD/Qr9hdITCU1xDbSEXg2XKNaP8jsReV7vQd00/A=="
        },
        "minimalistic-crypto-utils": {
          "version": "1.0.1",
          "resolved": "https://registry.npmjs.org/minimalistic-crypto-utils/-/minimalistic-crypto-utils-1.0.1.tgz",
          "integrity": "sha1-9sAMHAsIIkblxNmd+4x8CDsrWCo="
        },
        "node-addon-api": {
          "version": "2.0.2",
          "resolved": "https://registry.npmjs.org/node-addon-api/-/node-addon-api-2.0.2.tgz",
          "integrity": "sha512-Ntyt4AIXyaLIuMHF6IOoTakB3K+RWxwtsHNRxllEoA6vPwP9o4866g6YWDLUdnucilZhmkxiHwHr11gAENw+QA=="
        },
        "node-gyp-build": {
          "version": "4.2.3",
          "resolved": "https://registry.npmjs.org/node-gyp-build/-/node-gyp-build-4.2.3.tgz",
          "integrity": "sha512-MN6ZpzmfNCRM+3t57PTJHgHyw/h4OWnZ6mR8P5j/uZtqQr46RRuDE/P+g3n0YR/AiYXeWixZZzaip77gdICfRg=="
        },
        "secp256k1": {
          "version": "4.0.2",
          "resolved": "https://registry.npmjs.org/secp256k1/-/secp256k1-4.0.2.tgz",
          "integrity": "sha512-UDar4sKvWAksIlfX3xIaQReADn+WFnHvbVujpcbr+9Sf/69odMwy2MUsz5CKLQgX9nsIyrjuxL2imVyoNHa3fg==",
          "requires": {
            "elliptic": "^6.5.2",
            "node-addon-api": "^2.0.0",
            "node-gyp-build": "^4.2.0"
          }
        }
      }
    },
    "base-x": {
      "version": "3.0.8",
      "resolved": "https://registry.npmjs.org/base-x/-/base-x-3.0.8.tgz",
      "integrity": "sha512-Rl/1AWP4J/zRrk54hhlxH4drNxPJXYUaKffODVI53/dAsV4t9fBxyxYKAVPU1XBHxYwOWP9h9H0hM2MVw4YfJA==",
      "requires": {
        "safe-buffer": "^5.0.1"
      }
    },
    "bech32": {
      "version": "1.1.4",
      "resolved": "https://registry.npmjs.org/bech32/-/bech32-1.1.4.tgz",
      "integrity": "sha512-s0IrSOzLlbvX7yp4WBfPITzpAU8sqQcpsmwXDiKwrG4r491vwCO/XpejasRNl0piBMe/DvP4Tz0mIS/X1DPJBQ=="
    },
    "bs58": {
      "version": "4.0.1",
      "resolved": "https://registry.npmjs.org/bs58/-/bs58-4.0.1.tgz",
      "integrity": "sha1-vhYedsNU9veIrkBx9j806MTwpCo=",
      "requires": {
        "base-x": "^3.0.2"
      }
    },
    "bs58check": {
      "version": "2.1.2",
      "resolved": "https://registry.npmjs.org/bs58check/-/bs58check-2.1.2.tgz",
      "integrity": "sha512-0TS1jicxdU09dwJMNZtVAfzPi6Q6QeN0pM1Fkzrjn+XYHvzMKPU3pHVpva+769iNVSfIYWf7LJ6WR+BuuMf8cA==",
      "requires": {
        "bs58": "^4.0.0",
        "create-hash": "^1.1.0",
        "safe-buffer": "^5.1.2"
      }
    },
    "cipher-base": {
      "version": "1.0.4",
      "resolved": "https://registry.npmjs.org/cipher-base/-/cipher-base-1.0.4.tgz",
      "integrity": "sha512-Kkht5ye6ZGmwv40uUDZztayT2ThLQGfnj/T71N/XzeZeo3nf8foyW7zGTsPYkEya3m5f3cAypH+qe7YOrM1U2Q==",
      "requires": {
        "inherits": "^2.0.1",
        "safe-buffer": "^5.0.1"
      }
    },
    "create-hash": {
      "version": "1.2.0",
      "resolved": "https://registry.npmjs.org/create-hash/-/create-hash-1.2.0.tgz",
      "integrity": "sha512-z00bCGNHDG8mHAkP7CtT1qVu+bFQUPjYq/4Iv3C3kWjTFV10zIjfSoeqXo9Asws8gwSHDGj/hl2u4OGIjapeCg==",
      "requires": {
        "cipher-base": "^1.0.1",
        "inherits": "^2.0.1",
        "md5.js": "^1.3.4",
        "ripemd160": "^2.0.1",
        "sha.js": "^2.4.0"
      }
    },
    "hash-base": {
      "version": "3.1.0",
      "resolved": "https://registry.npmjs.org/hash-base/-/hash-base-3.1.0.tgz",
      "integrity": "sha512-1nmYp/rhMDiE7AYkDw+lLwlAzz0AntGIe51F3RfFfEqyQ3feY2eI/NcwC6umIQVOASPMsWJLJScWKSSvzL9IVA==",
      "requires": {
        "inherits": "^2.0.4",
        "readable-stream": "^3.6.0",
        "safe-buffer": "^5.2.0"
      }
    },
    "inherits": {
      "version": "2.0.4",
      "resolved": "https://registry.npmjs.org/inherits/-/inherits-2.0.4.tgz",
      "integrity": "sha512-k/vGaX4/Yla3WzyMCvTQOXYeIHvqOKtnqBduzTHpzpQZzAskKMhZ2K+EnBiSM9zGSoIFeMpXKxa4dYeZIQqewQ=="
    },
    "md5.js": {
      "version": "1.3.5",
      "resolved": "https://registry.npmjs.org/md5.js/-/md5.js-1.3.5.tgz",
      "integrity": "sha512-xitP+WxNPcTTOgnTJcrhM0xvdPepipPSf3I8EIpGKeFLjt3PlJLIDG3u8EX53ZIubkb+5U2+3rELYpEhHhzdkg==",
      "requires": {
        "hash-base": "^3.0.0",
        "inherits": "^2.0.1",
        "safe-buffer": "^5.1.2"
      }
    },
    "readable-stream": {
      "version": "3.6.0",
      "resolved": "https://registry.npmjs.org/readable-stream/-/readable-stream-3.6.0.tgz",
      "integrity": "sha512-BViHy7LKeTz4oNnkcLJ+lVSL6vpiFeX6/d3oSH8zCW7UxP2onchk+vTGB143xuFjHS3deTgkKoXXymXqymiIdA==",
      "requires": {
        "inherits": "^2.0.3",
        "string_decoder": "^1.1.1",
        "util-deprecate": "^1.0.1"
      }
    },
    "ripemd160": {
      "version": "2.0.2",
      "resolved": "https://registry.npmjs.org/ripemd160/-/ripemd160-2.0.2.tgz",
      "integrity": "sha512-ii4iagi25WusVoiC4B4lq7pbXfAp3D9v5CwfkY33vffw2+pkDjY1D8GaN7spsxvCSx8dkPqOZCEZyfxcmJG2IA==",
      "requires": {
        "hash-base": "^3.0.0",
        "inherits": "^2.0.1"
      }
    },
    "safe-buffer": {
      "version": "5.2.1",
      "resolved": "https://registry.npmjs.org/safe-buffer/-/safe-buffer-5.2.1.tgz",
      "integrity": "sha512-rp3So07KcdmmKbGvgaNxQSJr7bGVSVk5S9Eq1F+ppbRo70+YeaDxkw5Dd8NPN+GD6bjnYm2VuPuCXmpuYvmCXQ=="
    },
    "sha.js": {
      "version": "2.4.11",
      "resolved": "https://registry.npmjs.org/sha.js/-/sha.js-2.4.11.tgz",
      "integrity": "sha512-QMEp5B7cftE7APOjk5Y6xgrbWu+WkLVQwk8JNjZ8nKRciZaByEW6MubieAiToS7+dwvrjGhH8jRXz3MVd0AYqQ==",
      "requires": {
        "inherits": "^2.0.1",
        "safe-buffer": "^5.0.1"
      }
    },
    "string_decoder": {
      "version": "1.3.0",
      "resolved": "https://registry.npmjs.org/string_decoder/-/string_decoder-1.3.0.tgz",
      "integrity": "sha512-hkRX8U1WjJFd8LsDJ2yQ/wWWxaopEsABU1XfkM8A+j0+85JAGppt16cr1Whg6KIbb4okU6Mql6BOj+uup/wKeA==",
      "requires": {
        "safe-buffer": "~5.2.0"
      }
    },
    "util-deprecate": {
      "version": "1.0.2",
      "resolved": "https://registry.npmjs.org/util-deprecate/-/util-deprecate-1.0.2.tgz",
      "integrity": "sha1-RQ1Nyfpw3nMnYvvS1KKJgUGaDM8="
    }
  }
}
