{
  "name": "@node-lightning/wire",
  "version": "0.24.1",
  "lockfileVersion": 1,
  "requires": true,
  "dependencies": {
    "@node-lightning/bitcoin": {
      "version": "0.24.1",
      "resolved": "https://registry.npmjs.org/@node-lightning/bitcoin/-/bitcoin-0.24.1.tgz",
      "integrity": "sha512-acKJNCV2VOdiexXNxSDAhlcqRwXYrtjekMRZj7A3F+KcF8FOUT5PpdtvaAAuiG9E4ror8yVyXPQWihaS3mOEzg==",
      "requires": {
        "@node-lightning/bufio": "^0.24.1",
        "@node-lightning/crypto": "^0.24.1"
      }
    },
    "@node-lightning/bufio": {
      "version": "0.24.1",
      "resolved": "https://registry.npmjs.org/@node-lightning/bufio/-/bufio-0.24.1.tgz",
      "integrity": "sha512-5QiyIbYM0m9QKeL6x+5RznKRlNq5NyinG7z4lxh5qCqCd6wqrNdnEg13KW0vENf32pS/tZ1xSQF88q1nbrLGtA=="
    },
    "@node-lightning/checksum": {
      "version": "0.24.1",
      "resolved": "https://registry.npmjs.org/@node-lightning/checksum/-/checksum-0.24.1.tgz",
      "integrity": "sha512-9qv2ej7MSfKOBPzgCXOGGZ9fXJI8OHsKh+/rgOxQ9EaqyY5dDEZBGCbsUGKySyX8/KbUJrJLKYQpqJdSsv7qiw=="
    },
    "@node-lightning/core": {
      "version": "0.24.1",
      "resolved": "https://registry.npmjs.org/@node-lightning/core/-/core-0.24.1.tgz",
      "integrity": "sha512-iIN1VCBZ99Xz0isG1Jv8fTOQtW3rq3fgwg49t7Rrjwq/CTATzEgk2x6lbQ7kbL0jjmdUxWLsWFJ5JueanKN7lw==",
      "requires": {
        "@node-lightning/bitcoin": "^0.24.1",
        "@node-lightning/bufio": "^0.24.1",
        "@node-lightning/crypto": "^0.24.1"
      }
    },
    "@node-lightning/crypto": {
      "version": "0.24.1",
      "resolved": "https://registry.npmjs.org/@node-lightning/crypto/-/crypto-0.24.1.tgz",
      "integrity": "sha512-8VQsKsJj3pGkMtgH07PEFiFP/TkknhwQq8JfytJ5SQnxxOEcDmyogSXvCR+WTVQQo2bcJ3Q75eeJQMs3b1tItA==",
      "requires": {
        "secp256k1": "^4.0.2"
      }
    },
    "@node-lightning/logger": {
      "version": "0.24.1",
      "resolved": "https://registry.npmjs.org/@node-lightning/logger/-/logger-0.24.1.tgz",
      "integrity": "sha512-4nVx0+oNk2BEvI2F6pOZjkh2/9i8MwL30NeS8g8rNF4CuZ9qOyV+3UNRpweykHaXDLk9ifvHZHAhsnG27WKuLA=="
    },
    "@node-lightning/noise": {
      "version": "0.24.1",
      "resolved": "https://registry.npmjs.org/@node-lightning/noise/-/noise-0.24.1.tgz",
      "integrity": "sha512-AWk7UVVHHP9FbV2Qu0PuD6jSCorEkkGRl5k2mKchENEb1XyyNObAIqLrjwLJrR9eL31CeLoQcqreTEl6nmLFHw==",
      "requires": {
        "@node-lightning/crypto": "^0.24.1",
        "@node-lightning/logger": "^0.24.1"
      }
    },
    "@types/chai": {
      "version": "4.2.22",
      "resolved": "https://registry.npmjs.org/@types/chai/-/chai-4.2.22.tgz",
      "integrity": "sha512-tFfcE+DSTzWAgifkjik9AySNqIyNoYwmR+uecPwwD/XRNfvOjmC/FjCxpiUGDkDVDphPfCUecSQVFw+lN3M3kQ=="
    },
    "@types/chai-as-promised": {
      "version": "7.1.4",
      "resolved": "https://registry.npmjs.org/@types/chai-as-promised/-/chai-as-promised-7.1.4.tgz",
      "integrity": "sha512-1y3L1cHePcIm5vXkh1DSGf/zQq5n5xDKG1fpCvf18+uOkpce0Z1ozNFPkyWsVswK7ntN1sZBw3oU6gmN+pDUcA==",
      "requires": {
        "@types/chai": "*"
      }
    },
    "bech32": {
      "version": "1.1.4",
      "resolved": "https://registry.npmjs.org/bech32/-/bech32-1.1.4.tgz",
      "integrity": "sha512-s0IrSOzLlbvX7yp4WBfPITzpAU8sqQcpsmwXDiKwrG4r491vwCO/XpejasRNl0piBMe/DvP4Tz0mIS/X1DPJBQ=="
    },
    "bn.js": {
      "version": "4.12.0",
      "resolved": "https://registry.npmjs.org/bn.js/-/bn.js-4.12.0.tgz",
      "integrity": "sha512-c98Bf3tPniI+scsdk237ku1Dc3ujXQTSgyiPUDEOe7tRkhrqridvh8klBv0HCEso1OLOYcHuCv/cS6DNxKH+ZA=="
    },
    "brorand": {
      "version": "1.1.0",
      "resolved": "https://registry.npmjs.org/brorand/-/brorand-1.1.0.tgz",
      "integrity": "sha1-EsJe/kCkXjwyPrhnWgoM5XsiNx8="
    },
    "elliptic": {
      "version": "6.5.4",
      "resolved": "https://registry.npmjs.org/elliptic/-/elliptic-6.5.4.tgz",
      "integrity": "sha512-iLhC6ULemrljPZb+QutR5TQGB+pdW6KGD5RSegS+8sorOZT+rdQFbsQFJgvN3eRqNALqJer4oQ16YvJHlU8hzQ==",
      "requires": {
        "bn.js": "^4.11.9",
        "brorand": "^1.1.0",
        "hash.js": "^1.0.0",
        "hmac-drbg": "^1.0.1",
        "inherits": "^2.0.4",
        "minimalistic-assert": "^1.0.1",
        "minimalistic-crypto-utils": "^1.0.1"
      }
    },
    "hash.js": {
      "version": "1.1.7",
      "resolved": "https://registry.npmjs.org/hash.js/-/hash.js-1.1.7.tgz",
      "integrity": "sha512-taOaskGt4z4SOANNseOviYDvjEJinIkRgmp7LbKP2YTTmVxWBl87s/uzK9r+44BclBSp2X7K1hqeNfz9JbBeXA==",
      "requires": {
        "inherits": "^2.0.3",
        "minimalistic-assert": "^1.0.1"
      }
    },
    "hmac-drbg": {
      "version": "1.0.1",
      "resolved": "https://registry.npmjs.org/hmac-drbg/-/hmac-drbg-1.0.1.tgz",
      "integrity": "sha1-0nRXAQJabHdabFRXk+1QL8DGSaE=",
      "requires": {
        "hash.js": "^1.0.3",
        "minimalistic-assert": "^1.0.0",
        "minimalistic-crypto-utils": "^1.0.1"
      }
    },
    "inherits": {
      "version": "2.0.4",
      "resolved": "https://registry.npmjs.org/inherits/-/inherits-2.0.4.tgz",
      "integrity": "sha512-k/vGaX4/Yla3WzyMCvTQOXYeIHvqOKtnqBduzTHpzpQZzAskKMhZ2K+EnBiSM9zGSoIFeMpXKxa4dYeZIQqewQ=="
    },
    "minimalistic-assert": {
      "version": "1.0.1",
      "resolved": "https://registry.npmjs.org/minimalistic-assert/-/minimalistic-assert-1.0.1.tgz",
      "integrity": "sha512-UtJcAD4yEaGtjPezWuO9wC4nwUnVH/8/Im3yEHQP4b67cXlD/Qr9hdITCU1xDbSEXg2XKNaP8jsReV7vQd00/A=="
    },
    "minimalistic-crypto-utils": {
      "version": "1.0.1",
      "resolved": "https://registry.npmjs.org/minimalistic-crypto-utils/-/minimalistic-crypto-utils-1.0.1.tgz",
      "integrity": "sha1-9sAMHAsIIkblxNmd+4x8CDsrWCo="
    },
    "node-addon-api": {
      "version": "2.0.2",
      "resolved": "https://registry.npmjs.org/node-addon-api/-/node-addon-api-2.0.2.tgz",
      "integrity": "sha512-Ntyt4AIXyaLIuMHF6IOoTakB3K+RWxwtsHNRxllEoA6vPwP9o4866g6YWDLUdnucilZhmkxiHwHr11gAENw+QA=="
    },
    "node-gyp-build": {
      "version": "4.3.0",
      "resolved": "https://registry.npmjs.org/node-gyp-build/-/node-gyp-build-4.3.0.tgz",
      "integrity": "sha512-iWjXZvmboq0ja1pUGULQBexmxq8CV4xBhX7VDOTbL7ZR4FOowwY/VOtRxBN/yKxmdGoIp4j5ysNT4u3S2pDQ3Q=="
    },
    "secp256k1": {
      "version": "4.0.2",
      "resolved": "https://registry.npmjs.org/secp256k1/-/secp256k1-4.0.2.tgz",
      "integrity": "sha512-UDar4sKvWAksIlfX3xIaQReADn+WFnHvbVujpcbr+9Sf/69odMwy2MUsz5CKLQgX9nsIyrjuxL2imVyoNHa3fg==",
      "requires": {
        "elliptic": "^6.5.2",
        "node-addon-api": "^2.0.0",
        "node-gyp-build": "^4.2.0"
      }
    }
  }
}
